
Microsoft Visual Studio Solution File, Format Version 12.00
# Visual Studio 15
VisualStudioVersion = 15.0.27130.2003
MinimumVisualStudioVersion = 10.0.40219.1
Project("{9A19103F-16F7-4668-BE54-9A1E7A4F7556}") = "Library", "Library\Library.csproj", "{D29D2603-5BC6-4704-970F-B7F42E5BF56D}"
EndProject
Project("{FAE04EC0-301F-11D3-BF4B-00C04F79EFBC}") = "LibraryTests", "LibraryTests\LibraryTests.csproj", "{360B3A0E-9108-4F36-9E2F-5019D6738433}"
EndProject
Global
	GlobalSection(SolutionConfigurationPlatforms) = preSolution
		Debug|Any CPU = Debug|Any CPU
		Release|Any CPU = Release|Any CPU
	EndGlobalSection
	GlobalSection(ProjectConfigurationPlatforms) = postSolution
		{D29D2603-5BC6-4704-970F-B7F42E5BF56D}.Debug|Any CPU.ActiveCfg = Debug|Any CPU
		{D29D2603-5BC6-4704-970F-B7F42E5BF56D}.Debug|Any CPU.Build.0 = Debug|Any CPU
		{D29D2603-5BC6-4704-970F-B7F42E5BF56D}.Release|Any CPU.ActiveCfg = Release|Any CPU
		{D29D2603-5BC6-4704-970F-B7F42E5BF56D}.Release|Any CPU.Build.0 = Release|Any CPU
		{360B3A0E-9108-4F36-9E2F-5019D6738433}.Debug|Any CPU.ActiveCfg = Debug|Any CPU
		{360B3A0E-9108-4F36-9E2F-5019D6738433}.Debug|Any CPU.Build.0 = Debug|Any CPU
		{360B3A0E-9108-4F36-9E2F-5019D6738433}.Release|Any CPU.ActiveCfg = Release|Any CPU
		{360B3A0E-9108-4F36-9E2F-5019D6738433}.Release|Any CPU.Build.0 = Release|Any CPU
	EndGlobalSection
	GlobalSection(SolutionProperties) = preSolution
		HideSolutionNode = FALSE
	EndGlobalSection
	GlobalSection(ExtensibilityGlobals) = postSolution
		SolutionGuid = {47542E9A-6DD1-43F7-A074-E8AD8D4889E5}
	EndGlobalSection
EndGlobal
